// !$*UTF8*$!
{
	archiveVersion = 1;
	classes = {
	};
	objectVersion = 50;
	objects = {

/* Begin PBXBuildFile section */
		4146D03521F7DB66003FC022 /* AppDelegate.swift in Sources */ = {isa = PBXBuildFile; fileRef = 4146D03421F7DB66003FC022 /* AppDelegate.swift */; };
		4146D03721F7DB66003FC022 /* ViewController.swift in Sources */ = {isa = PBXBuildFile; fileRef = 4146D03621F7DB66003FC022 /* ViewController.swift */; };
		4146D03A21F7DB67003FC022 /* Main.storyboard in Resources */ = {isa = PBXBuildFile; fileRef = 4146D03821F7DB66003FC022 /* Main.storyboard */; };
		4146D03C21F7DB68003FC022 /* Assets.xcassets in Resources */ = {isa = PBXBuildFile; fileRef = 4146D03B21F7DB68003FC022 /* Assets.xcassets */; };
		4146D03F21F7DB68003FC022 /* LaunchScreen.storyboard in Resources */ = {isa = PBXBuildFile; fileRef = 4146D03D21F7DB68003FC022 /* LaunchScreen.storyboard */; };
		4146D04A21F7DB68003FC022 /* ResizableCellTests.swift in Sources */ = {isa = PBXBuildFile; fileRef = 4146D04921F7DB68003FC022 /* ResizableCellTests.swift */; };
		4146D05621F7DC4F003FC022 /* TableViewCell.swift in Sources */ = {isa = PBXBuildFile; fileRef = 4146D05421F7DC4F003FC022 /* TableViewCell.swift */; };
		4146D05721F7DC4F003FC022 /* TableViewCell.xib in Resources */ = {isa = PBXBuildFile; fileRef = 4146D05521F7DC4F003FC022 /* TableViewCell.xib */; };
/* End PBXBuildFile section */

/* Begin PBXContainerItemProxy section */
		4146D04621F7DB68003FC022 /* PBXContainerItemProxy */ = {
			isa = PBXContainerItemProxy;
			containerPortal = 4146D02921F7DB66003FC022 /* Project object */;
			proxyType = 1;
			remoteGlobalIDString = 4146D03021F7DB66003FC022;
			remoteInfo = ResizableCell;
		};
/* End PBXContainerItemProxy section */

/* Begin PBXFileReference section */
		4146D03121F7DB66003FC022 /* ResizableCell.app */ = {isa = PBXFileReference; explicitFileType = wrapper.application; includeInIndex = 0; path = ResizableCell.app; sourceTree = BUILT_PRODUCTS_DIR; };
		4146D03421F7DB66003FC022 /* AppDelegate.swift */ = {isa = PBXFileReference; lastKnownFileType = sourcecode.swift; path = AppDelegate.swift; sourceTree = "<group>"; };
		4146D03621F7DB66003FC022 /* ViewController.swift */ = {isa = PBXFileReference; lastKnownFileType = sourcecode.swift; path = ViewController.swift; sourceTree = "<group>"; };
		4146D03921F7DB67003FC022 /* Base */ = {isa = PBXFileReference; lastKnownFileType = file.storyboard; name = Base; path = Base.lproj/Main.storyboard; sourceTree = "<group>"; };
		4146D03B21F7DB68003FC022 /* Assets.xcassets */ = {isa = PBXFileReference; lastKnownFileType = folder.assetcatalog; path = Assets.xcassets; sourceTree = "<group>"; };
		4146D03E21F7DB68003FC022 /* Base */ = {isa = PBXFileReference; lastKnownFileType = file.storyboard; name = Base; path = Base.lproj/LaunchScreen.storyboard; sourceTree = "<group>"; };
		4146D04021F7DB68003FC022 /* Info.plist */ = {isa = PBXFileReference; lastKnownFileType = text.plist.xml; path = Info.plist; sourceTree = "<group>"; };
		4146D04521F7DB68003FC022 /* ResizableCellTests.xctest */ = {isa = PBXFileReference; explicitFileType = wrapper.cfbundle; includeInIndex = 0; path = ResizableCellTests.xctest; sourceTree = BUILT_PRODUCTS_DIR; };
		4146D04921F7DB68003FC022 /* ResizableCellTests.swift */ = {isa = PBXFileReference; lastKnownFileType = sourcecode.swift; path = ResizableCellTests.swift; sourceTree = "<group>"; };
		4146D04B21F7DB68003FC022 /* Info.plist */ = {isa = PBXFileReference; lastKnownFileType = text.plist.xml; path = Info.plist; sourceTree = "<group>"; };
		4146D05421F7DC4F003FC022 /* TableViewCell.swift */ = {isa = PBXFileReference; lastKnownFileType = sourcecode.swift; path = TableViewCell.swift; sourceTree = "<group>"; };
		4146D05521F7DC4F003FC022 /* TableViewCell.xib */ = {isa = PBXFileReference; lastKnownFileType = file.xib; path = TableViewCell.xib; sourceTree = "<group>"; };
/* End PBXFileReference section */

/* Begin PBXFrameworksBuildPhase section */
		4146D02E21F7DB66003FC022 /* Frameworks */ = {
			isa = PBXFrameworksBuildPhase;
			buildActionMask = 2147483647;
			files = (
			);
			runOnlyForDeploymentPostprocessing = 0;
		};
		4146D04221F7DB68003FC022 /* Frameworks */ = {
			isa = PBXFrameworksBuildPhase;
			buildActionMask = 2147483647;
			files = (
			);
			runOnlyForDeploymentPostprocessing = 0;
		};
/* End PBXFrameworksBuildPhase section */

/* Begin PBXGroup section */
		4146D02821F7DB66003FC022 = {
			isa = PBXGroup;
			children = (
				4146D03321F7DB66003FC022 /* ResizableCell */,
				4146D04821F7DB68003FC022 /* ResizableCellTests */,
				4146D03221F7DB66003FC022 /* Products */,
			);
			sourceTree = "<group>";
		};
		4146D03221F7DB66003FC022 /* Products */ = {
			isa = PBXGroup;
			children = (
				4146D03121F7DB66003FC022 /* ResizableCell.app */,
				4146D04521F7DB68003FC022 /* ResizableCellTests.xctest */,
			);
			name = Products;
			sourceTree = "<group>";
		};
		4146D03321F7DB66003FC022 /* ResizableCell */ = {
			isa = PBXGroup;
			children = (
				4146D03421F7DB66003FC022 /* AppDelegate.swift */,
				4146D03621F7DB66003FC022 /* ViewController.swift */,
				4146D03821F7DB66003FC022 /* Main.storyboard */,
				4146D03B21F7DB68003FC022 /* Assets.xcassets */,
				4146D03D21F7DB68003FC022 /* LaunchScreen.storyboard */,
				4146D04021F7DB68003FC022 /* Info.plist */,
				4146D05421F7DC4F003FC022 /* TableViewCell.swift */,
				4146D05521F7DC4F003FC022 /* TableViewCell.xib */,
			);
			path = ResizableCell;
			sourceTree = "<group>";
		};
		4146D04821F7DB68003FC022 /* ResizableCellTests */ = {
			isa = PBXGroup;
			children = (
				4146D04921F7DB68003FC022 /* ResizableCellTests.swift */,
				4146D04B21F7DB68003FC022 /* Info.plist */,
			);
			path = ResizableCellTests;
			sourceTree = "<group>";
		};
/* End PBXGroup section */

/* Begin PBXNativeTarget section */
		4146D03021F7DB66003FC022 /* ResizableCell */ = {
			isa = PBXNativeTarget;
			buildConfigurationList = 4146D04E21F7DB68003FC022 /* Build configuration list for PBXNativeTarget "ResizableCell" */;
			buildPhases = (
				4146D02D21F7DB66003FC022 /* Sources */,
				4146D02E21F7DB66003FC022 /* Frameworks */,
				4146D02F21F7DB66003FC022 /* Resources */,
			);
			buildRules = (
			);
			dependencies = (
			);
			name = ResizableCell;
			productName = ResizableCell;
			productReference = 4146D03121F7DB66003FC022 /* ResizableCell.app */;
			productType = "com.apple.product-type.application";
		};
		4146D04421F7DB68003FC022 /* ResizableCellTests */ = {
			isa = PBXNativeTarget;
			buildConfigurationList = 4146D05121F7DB68003FC022 /* Build configuration list for PBXNativeTarget "ResizableCellTests" */;
			buildPhases = (
				4146D04121F7DB68003FC022 /* Sources */,
				4146D04221F7DB68003FC022 /* Frameworks */,
				4146D04321F7DB68003FC022 /* Resources */,
			);
			buildRules = (
			);
			dependencies = (
				4146D04721F7DB68003FC022 /* PBXTargetDependency */,
			);
			name = ResizableCellTests;
			productName = ResizableCellTests;
			productReference = 4146D04521F7DB68003FC022 /* ResizableCellTests.xctest */;
			productType = "com.apple.product-type.bundle.unit-test";
		};
/* End PBXNativeTarget section */

/* Begin PBXProject section */
		4146D02921F7DB66003FC022 /* Project object */ = {
			isa = PBXProject;
			attributes = {
				LastSwiftUpdateCheck = 1010;
				LastUpgradeCheck = 1010;
				ORGANIZATIONNAME = "Javier Loucim";
				TargetAttributes = {
					4146D03021F7DB66003FC022 = {
						CreatedOnToolsVersion = 10.1;
					};
					4146D04421F7DB68003FC022 = {
						CreatedOnToolsVersion = 10.1;
						TestTargetID = 4146D03021F7DB66003FC022;
					};
				};
			};
			buildConfigurationList = 4146D02C21F7DB66003FC022 /* Build configuration list for PBXProject "ResizableCell" */;
			compatibilityVersion = "Xcode 9.3";
			developmentRegion = en;
			hasScannedForEncodings = 0;
			knownRegions = (
				en,
				Base,
			);
			mainGroup = 4146D02821F7DB66003FC022;
			productRefGroup = 4146D03221F7DB66003FC022 /* Products */;
			projectDirPath = "";
			projectRoot = "";
			targets = (
				4146D03021F7DB66003FC022 /* ResizableCell */,
				4146D04421F7DB68003FC022 /* ResizableCellTests */,
			);
		};
/* End PBXProject section */

/* Begin PBXResourcesBuildPhase section */
		4146D02F21F7DB66003FC022 /* Resources */ = {
			isa = PBXResourcesBuildPhase;
			buildActionMask = 2147483647;
			files = (
				4146D03F21F7DB68003FC022 /* LaunchScreen.storyboard in Resources */,
				4146D05721F7DC4F003FC022 /* TableViewCell.xib in Resources */,
				4146D03C21F7DB68003FC022 /* Assets.xcassets in Resources */,
				4146D03A21F7DB67003FC022 /* Main.storyboard in Resources */,
			);
			runOnlyForDeploymentPostprocessing = 0;
		};
		4146D04321F7DB68003FC022 /* Resources */ = {
			isa = PBXResourcesBuildPhase;
			buildActionMask = 2147483647;
			files = (
			);
			runOnlyForDeploymentPostprocessing = 0;
		};
/* End PBXResourcesBuildPhase section */

/* Begin PBXSourcesBuildPhase section */
		4146D02D21F7DB66003FC022 /* Sources */ = {
			isa = PBXSourcesBuildPhase;
			buildActionMask = 2147483647;
			files = (
				4146D05621F7DC4F003FC022 /* TableViewCell.swift in Sources */,
				4146D03721F7DB66003FC022 /* ViewController.swift in Sources */,
				4146D03521F7DB66003FC022 /* AppDelegate.swift in Sources */,
			);
			runOnlyForDeploymentPostprocessing = 0;
		};
		4146D04121F7DB68003FC022 /* Sources */ = {
			isa = PBXSourcesBuildPhase;
			buildActionMask = 2147483647;
			files = (
				4146D04A21F7DB68003FC022 /* ResizableCellTests.swift in Sources */,
			);
			runOnlyForDeploymentPostprocessing = 0;
		};
/* End PBXSourcesBuildPhase section */

/* Begin PBXTargetDependency section */
		4146D04721F7DB68003FC022 /* PBXTargetDependency */ = {
			isa = PBXTargetDependency;
			target = 4146D03021F7DB66003FC022 /* ResizableCell */;
			targetProxy = 4146D04621F7DB68003FC022 /* PBXContainerItemProxy */;
		};
/* End PBXTargetDependency section */

/* Begin PBXVariantGroup section */
		4146D03821F7DB66003FC022 /* Main.storyboard */ = {
			isa = PBXVariantGroup;
			children = (
				4146D03921F7DB67003FC022 /* Base */,
			);
			name = Main.storyboard;
			sourceTree = "<group>";
		};
		4146D03D21F7DB68003FC022 /* LaunchScreen.storyboard */ = {
			isa = PBXVariantGroup;
			children = (
				4146D03E21F7DB68003FC022 /* Base */,
			);
			name = LaunchScreen.storyboard;
			sourceTree = "<group>";
		};
/* End PBXVariantGroup section */

/* Begin XCBuildConfiguration section */
		4146D04C21F7DB68003FC022 /* Debug */ = {
			isa = XCBuildConfiguration;
			buildSettings = {
				ALWAYS_SEARCH_USER_PATHS = NO;
				CLANG_ANALYZER_NONNULL = YES;
				CLANG_ANALYZER_NUMBER_OBJECT_CONVERSION = YES_AGGRESSIVE;
				CLANG_CXX_LANGUAGE_STANDARD = "gnu++14";
				CLANG_CXX_LIBRARY = "libc++";
				CLANG_ENABLE_MODULES = YES;
				CLANG_ENABLE_OBJC_ARC = YES;
				CLANG_ENABLE_OBJC_WEAK = YES;
				CLANG_WARN_BLOCK_CAPTURE_AUTORELEASING = YES;
				CLANG_WARN_BOOL_CONVERSION = YES;
				CLANG_WARN_COMMA = YES;
				CLANG_WARN_CONSTANT_CONVERSION = YES;
				CLANG_WARN_DEPRECATED_OBJC_IMPLEMENTATIONS = YES;
				CLANG_WARN_DIRECT_OBJC_ISA_USAGE = YES_ERROR;
				CLANG_WARN_DOCUMENTATION_COMMENTS = YES;
				CLANG_WARN_EMPTY_BODY = YES;
				CLANG_WARN_ENUM_CONVERSION = YES;
				CLANG_WARN_INFINITE_RECURSION = YES;
				CLANG_WARN_INT_CONVERSION = YES;
				CLANG_WARN_NON_LITERAL_NULL_CONVERSION = YES;
				CLANG_WARN_OBJC_IMPLICIT_RETAIN_SELF = YES;
				CLANG_WARN_OBJC_LITERAL_CONVERSION = YES;
				CLANG_WARN_OBJC_ROOT_CLASS = YES_ERROR;
				CLANG_WARN_RANGE_LOOP_ANALYSIS = YES;
				CLANG_WARN_STRICT_PROTOTYPES = YES;
				CLANG_WARN_SUSPICIOUS_MOVE = YES;
				CLANG_WARN_UNGUARDED_AVAILABILITY = YES_AGGRESSIVE;
				CLANG_WARN_UNREACHABLE_CODE = YES;
				CLANG_WARN__DUPLICATE_METHOD_MATCH = YES;
				CODE_SIGN_IDENTITY = "iPhone Developer";
				COPY_PHASE_STRIP = NO;
				DEBUG_INFORMATION_FORMAT = dwarf;
				ENABLE_STRICT_OBJC_MSGSEND = YES;
				ENABLE_TESTABILITY = YES;
				GCC_C_LANGUAGE_STANDARD = gnu11;
				GCC_DYNAMIC_NO_PIC = NO;
				GCC_NO_COMMON_BLOCKS = YES;
				GCC_OPTIMIZATION_LEVEL = 0;
				GCC_PREPROCESSOR_DEFINITIONS = (
					"DEBUG=1",
					"$(inherited)",
				);
				GCC_WARN_64_TO_32_BIT_CONVERSION = YES;
				GCC_WARN_ABOUT_RETURN_TYPE = YES_ERROR;
				GCC_WARN_UNDECLARED_SELECTOR = YES;
				GCC_WARN_UNINITIALIZED_AUTOS = YES_AGGRESSIVE;
				GCC_WARN_UNUSED_FUNCTION = YES;
				GCC_WARN_UNUSED_VARIABLE = YES;
				IPHONEOS_DEPLOYMENT_TARGET = 12.1;
				MTL_ENABLE_DEBUG_INFO = INCLUDE_SOURCE;
				MTL_FAST_MATH = YES;
				ONLY_ACTIVE_ARCH = YES;
				SDKROOT = iphoneos;
				SWIFT_ACTIVE_COMPILATION_CONDITIONS = DEBUG;
				SWIFT_OPTIMIZATION_LEVEL = "-Onone";
			};
			name = Debug;
		};
		4146D04D21F7DB68003FC022 /* Release */ = {
			isa = XCBuildConfiguration;
			buildSettings = {
				ALWAYS_SEARCH_USER_PATHS = NO;
				CLANG_ANALYZER_NONNULL = YES;
				CLANG_ANALYZER_NUMBER_OBJECT_CONVERSION = YES_AGGRESSIVE;
				CLANG_CXX_LANGUAGE_STANDARD = "gnu++14";
				CLANG_CXX_LIBRARY = "libc++";
				CLANG_ENABLE_MODULES = YES;
				CLANG_ENABLE_OBJC_ARC = YES;
				CLANG_ENABLE_OBJC_WEAK = YES;
				CLANG_WARN_BLOCK_CAPTURE_AUTORELEASING = YES;
				CLANG_WARN_BOOL_CONVERSION = YES;
				CLANG_WARN_COMMA = YES;
				CLANG_WARN_CONSTANT_CONVERSION = YES;
				CLANG_WARN_DEPRECATED_OBJC_IMPLEMENTATIONS = YES;
				CLANG_WARN_DIRECT_OBJC_ISA_USAGE = YES_ERROR;
				CLANG_WARN_DOCUMENTATION_COMMENTS = YES;
				CLANG_WARN_EMPTY_BODY = YES;
				CLANG_WARN_ENUM_CONVERSION = YES;
				CLANG_WARN_INFINITE_RECURSION = YES;
				CLANG_WARN_INT_CONVERSION = YES;
				CLANG_WARN_NON_LITERAL_NULL_CONVERSION = YES;
				CLANG_WARN_OBJC_IMPLICIT_RETAIN_SELF = YES;
				CLANG_WARN_OBJC_LITERAL_CONVERSION = YES;
				CLANG_WARN_OBJC_ROOT_CLASS = YES_ERROR;
				CLANG_WARN_RANGE_LOOP_ANALYSIS = YES;
				CLANG_WARN_STRICT_PROTOTYPES = YES;
				CLANG_WARN_SUSPICIOUS_MOVE = YES;
				CLANG_WARN_UNGUARDED_AVAILABILITY = YES_AGGRESSIVE;
				CLANG_WARN_UNREACHABLE_CODE = YES;
				CLANG_WARN__DUPLICATE_METHOD_MATCH = YES;
				CODE_SIGN_IDENTITY = "iPhone Developer";
				COPY_PHASE_STRIP = NO;
				DEBUG_INFORMATION_FORMAT = "dwarf-with-dsym";
				ENABLE_NS_ASSERTIONS = NO;
				ENABLE_STRICT_OBJC_MSGSEND = YES;
				GCC_C_LANGUAGE_STANDARD = gnu11;
				GCC_NO_COMMON_BLOCKS = YES;
				GCC_WARN_64_TO_32_BIT_CONVERSION = YES;
				GCC_WARN_ABOUT_RETURN_TYPE = YES_ERROR;
				GCC_WARN_UNDECLARED_SELECTOR = YES;
				GCC_WARN_UNINITIALIZED_AUTOS = YES_AGGRESSIVE;
				GCC_WARN_UNUSED_FUNCTION = YES;
				GCC_WARN_UNUSED_VARIABLE = YES;
				IPHONEOS_DEPLOYMENT_TARGET = 12.1;
				MTL_ENABLE_DEBUG_INFO = NO;
				MTL_FAST_MATH = YES;
				SDKROOT = iphoneos;
				SWIFT_COMPILATION_MODE = wholemodule;
				SWIFT_OPTIMIZATION_LEVEL = "-O";
				VALIDATE_PRODUCT = YES;
			};
			name = Release;
		};
		4146D04F21F7DB68003FC022 /* Debug */ = {
			isa = XCBuildConfiguration;
			buildSettings = {
				ASSETCATALOG_COMPILER_APPICON_NAME = AppIcon;
				CODE_SIGN_STYLE = Automatic;
				DEVELOPMENT_TEAM = 3FTHS39QAD;
				INFOPLIST_FILE = ResizableCell/Info.plist;
				LD_RUNPATH_SEARCH_PATHS = (
					"$(inherited)",
					"@executable_path/Frameworks",
				);
				PRODUCT_BUNDLE_IDENTIFIER = com.qeeptouch.ResizableCell;
				PRODUCT_NAME = "$(TARGET_NAME)";
				SWIFT_VERSION = 4.2;
				TARGETED_DEVICE_FAMILY = "1,2";
			};
			name = Debug;
		};
		4146D05021F7DB68003FC022 /* Release */ = {
			isa = XCBuildConfiguration;
			buildSettings = {
				ASSETCATALOG_COMPILER_APPICON_NAME = AppIcon;
				CODE_SIGN_STYLE = Automatic;
				DEVELOPMENT_TEAM = 3FTHS39QAD;
				INFOPLIST_FILE = ResizableCell/Info.plist;
				LD_RUNPATH_SEARCH_PATHS = (
					"$(inherited)",
					"@executable_path/Frameworks",
				);
				PRODUCT_BUNDLE_IDENTIFIER = com.qeeptouch.ResizableCell;
				PRODUCT_NAME = "$(TARGET_NAME)";
				SWIFT_VERSION = 4.2;
				TARGETED_DEVICE_FAMILY = "1,2";
			};
			name = Release;
		};
		4146D05221F7DB68003FC022 /* Debug */ = {
			isa = XCBuildConfiguration;
			buildSettings = {
				ALWAYS_EMBED_SWIFT_STANDARD_LIBRARIES = YES;
				BUNDLE_LOADER = "$(TEST_HOST)";
				CODE_SIGN_STYLE = Automatic;
				DEVELOPMENT_TEAM = 3FTHS39QAD;
				INFOPLIST_FILE = ResizableCellTests/Info.plist;
				LD_RUNPATH_SEARCH_PATHS = (
					"$(inherited)",
					"@executable_path/Frameworks",
					"@loader_path/Frameworks",
				);
				PRODUCT_BUNDLE_IDENTIFIER = com.qeeptouch.ResizableCellTests;
				PRODUCT_NAME = "$(TARGET_NAME)";
				SWIFT_VERSION = 4.2;
				TARGETED_DEVICE_FAMILY = "1,2";
				TEST_HOST = "$(BUILT_PRODUCTS_DIR)/ResizableCell.app/ResizableCell";
			};
			name = Debug;
		};
		4146D05321F7DB68003FC022 /* Release */ = {
			isa = XCBuildConfiguration;
			buildSettings = {
				ALWAYS_EMBED_SWIFT_STANDARD_LIBRARIES = YES;
				BUNDLE_LOADER = "$(TEST_HOST)";
				CODE_SIGN_STYLE = Automatic;
				DEVELOPMENT_TEAM = 3FTHS39QAD;
				INFOPLIST_FILE = ResizableCellTests/Info.plist;
				LD_RUNPATH_SEARCH_PATHS = (
					"$(inherited)",
					"@executable_path/Frameworks",
					"@loader_path/Frameworks",
				);
				PRODUCT_BUNDLE_IDENTIFIER = com.qeeptouch.ResizableCellTests;
				PRODUCT_NAME = "$(TARGET_NAME)";
				SWIFT_VERSION = 4.2;
				TARGETED_DEVICE_FAMILY = "1,2";
				TEST_HOST = "$(BUILT_PRODUCTS_DIR)/ResizableCell.app/ResizableCell";
			};
			name = Release;
		};
/* End XCBuildConfiguration section */

/* Begin XCConfigurationList section */
		4146D02C21F7DB66003FC022 /* Build configuration list for PBXProject "ResizableCell" */ = {
			isa = XCConfigurationList;
			buildConfigurations = (
				4146D04C21F7DB68003FC022 /* Debug */,
				4146D04D21F7DB68003FC022 /* Release */,
			);
			defaultConfigurationIsVisible = 0;
			defaultConfigurationName = Release;
		};
		4146D04E21F7DB68003FC022 /* Build configuration list for PBXNativeTarget "ResizableCell" */ = {
			isa = XCConfigurationList;
			buildConfigurations = (
				4146D04F21F7DB68003FC022 /* Debug */,
				4146D05021F7DB68003FC022 /* Release */,
			);
			defaultConfigurationIsVisible = 0;
			defaultConfigurationName = Release;
		};
		4146D05121F7DB68003FC022 /* Build configuration list for PBXNativeTarget "ResizableCellTests" */ = {
			isa = XCConfigurationList;
			buildConfigurations = (
				4146D05221F7DB68003FC022 /* Debug */,
				4146D05321F7DB68003FC022 /* Release */,
			);
			defaultConfigurationIsVisible = 0;
			defaultConfigurationName = Release;
		};
/* End XCConfigurationList section */
	};
	rootObject = 4146D02921F7DB66003FC022 /* Project object */;
}
